
Microsoft Visual Studio Solution File, Format Version 12.00
# Visual Studio Version 17
VisualStudioVersion = 17.6.33723.286
MinimumVisualStudioVersion = 10.0.40219.1
Project("{FAE04EC0-301F-11D3-BF4B-00C04F79EFBC}") = "MoreCompany", "MoreCompany\MoreCompany.csproj", "{0E6ED956-F9BA-45B5-9149-A17D23EC42D2}"
EndProject
Global
	GlobalSection(SolutionConfigurationPlatforms) = preSolution
		Debug|Any CPU = Debug|Any CPU
		Release|Any CPU = Release|Any CPU
	EndGlobalSection
	GlobalSection(ProjectConfigurationPlatforms) = postSolution
		{0E6ED956-F9BA-45B5-9149-A17D23EC42D2}.Debug|Any CPU.ActiveCfg = Debug|Any CPU
		{0E6ED956-F9BA-45B5-9149-A17D23EC42D2}.Debug|Any CPU.Build.0 = Debug|Any CPU
		{0E6ED956-F9BA-45B5-9149-A17D23EC42D2}.Release|Any CPU.ActiveCfg = Release|Any CPU
		{0E6ED956-F9BA-45B5-9149-A17D23EC42D2}.Release|Any CPU.Build.0 = Release|Any CPU
	EndGlobalSection
	GlobalSection(SolutionProperties) = preSolution
		HideSolutionNode = FALSE
	EndGlobalSection
	GlobalSection(ExtensibilityGlobals) = postSolution
		SolutionGuid = {ABFE7F54-1D20-46B4-A694-14DA13411B7C}
	EndGlobalSection
EndGlobal
